
Microsoft Visual Studio Solution File, Format Version 12.00
# Visual Studio Version 17
VisualStudioVersion = 17.3.32922.545
MinimumVisualStudioVersion = 10.0.40219.1
Project("{FAE04EC0-301F-11D3-BF4B-00C04F79EFBC}") = "Evaluation Manager", "Evaluation Manager\Evaluation Manager.csproj", "{278DC1ED-5C84-4F11-BF54-136B292C1DD0}"
EndProject
Global
	GlobalSection(SolutionConfigurationPlatforms) = preSolution
		Debug|Any CPU = Debug|Any CPU
		Release|Any CPU = Release|Any CPU
	EndGlobalSection
	GlobalSection(ProjectConfigurationPlatforms) = postSolution
		{278DC1ED-5C84-4F11-BF54-136B292C1DD0}.Debug|Any CPU.ActiveCfg = Debug|Any CPU
		{278DC1ED-5C84-4F11-BF54-136B292C1DD0}.Debug|Any CPU.Build.0 = Debug|Any CPU
		{278DC1ED-5C84-4F11-BF54-136B292C1DD0}.Release|Any CPU.ActiveCfg = Release|Any CPU
		{278DC1ED-5C84-4F11-BF54-136B292C1DD0}.Release|Any CPU.Build.0 = Release|Any CPU
	EndGlobalSection
	GlobalSection(SolutionProperties) = preSolution
		HideSolutionNode = FALSE
	EndGlobalSection
	GlobalSection(ExtensibilityGlobals) = postSolution
		SolutionGuid = {747FA87F-51D9-4F50-B722-D4870B0BE6A1}
	EndGlobalSection
EndGlobal
